// !$*UTF8*$!
{
	archiveVersion = 1;
	classes = {
	};
	objectVersion = 56;
	objects = {

/* Begin PBXBuildFile section */
		9C82E8F6297E11F50095FF7B /* AppDelegate.swift in Sources */ = {isa = PBXBuildFile; fileRef = 9C82E8F5297E11F50095FF7B /* AppDelegate.swift */; };
		9C82E8F8297E11F50095FF7B /* SceneDelegate.swift in Sources */ = {isa = PBXBuildFile; fileRef = 9C82E8F7297E11F50095FF7B /* SceneDelegate.swift */; };
		9C82E8FA297E11F50095FF7B /* ViewController.swift in Sources */ = {isa = PBXBuildFile; fileRef = 9C82E8F9297E11F50095FF7B /* ViewController.swift */; };
		9C82E900297E11F50095FF7B /* CoreDataDrawing.xcdatamodeld in Sources */ = {isa = PBXBuildFile; fileRef = 9C82E8FE297E11F50095FF7B /* CoreDataDrawing.xcdatamodeld */; };
		9C82E902297E11F70095FF7B /* Assets.xcassets in Resources */ = {isa = PBXBuildFile; fileRef = 9C82E901297E11F70095FF7B /* Assets.xcassets */; };
		9C82E905297E11F70095FF7B /* LaunchScreen.storyboard in Resources */ = {isa = PBXBuildFile; fileRef = 9C82E903297E11F70095FF7B /* LaunchScreen.storyboard */; };
		9C82E90D297E18CC0095FF7B /* SavedDrawingsController.swift in Sources */ = {isa = PBXBuildFile; fileRef = 9C82E90C297E18CC0095FF7B /* SavedDrawingsController.swift */; };
		9C82E90F297E1A3C0095FF7B /* SavedDrawingCell.swift in Sources */ = {isa = PBXBuildFile; fileRef = 9C82E90E297E1A3C0095FF7B /* SavedDrawingCell.swift */; };
		9C82E912297E20B30095FF7B /* UIView+Exts.swift in Sources */ = {isa = PBXBuildFile; fileRef = 9C82E911297E20B30095FF7B /* UIView+Exts.swift */; };
		9C82E914297E20ED0095FF7B /* Constants.swift in Sources */ = {isa = PBXBuildFile; fileRef = 9C82E913297E20ED0095FF7B /* Constants.swift */; };
		9C82E916297E217C0095FF7B /* DataManager.swift in Sources */ = {isa = PBXBuildFile; fileRef = 9C82E915297E217C0095FF7B /* DataManager.swift */; };
/* End PBXBuildFile section */

/* Begin PBXFileReference section */
		9C82E8F2297E11F50095FF7B /* CoreDataDrawing.app */ = {isa = PBXFileReference; explicitFileType = wrapper.application; includeInIndex = 0; path = CoreDataDrawing.app; sourceTree = BUILT_PRODUCTS_DIR; };
		9C82E8F5297E11F50095FF7B /* AppDelegate.swift */ = {isa = PBXFileReference; lastKnownFileType = sourcecode.swift; path = AppDelegate.swift; sourceTree = "<group>"; };
		9C82E8F7297E11F50095FF7B /* SceneDelegate.swift */ = {isa = PBXFileReference; lastKnownFileType = sourcecode.swift; path = SceneDelegate.swift; sourceTree = "<group>"; };
		9C82E8F9297E11F50095FF7B /* ViewController.swift */ = {isa = PBXFileReference; lastKnownFileType = sourcecode.swift; path = ViewController.swift; sourceTree = "<group>"; };
		9C82E8FF297E11F50095FF7B /* CoreDataDrawing.xcdatamodel */ = {isa = PBXFileReference; lastKnownFileType = wrapper.xcdatamodel; path = CoreDataDrawing.xcdatamodel; sourceTree = "<group>"; };
		9C82E901297E11F70095FF7B /* Assets.xcassets */ = {isa = PBXFileReference; lastKnownFileType = folder.assetcatalog; path = Assets.xcassets; sourceTree = "<group>"; };
		9C82E904297E11F70095FF7B /* Base */ = {isa = PBXFileReference; lastKnownFileType = file.storyboard; name = Base; path = Base.lproj/LaunchScreen.storyboard; sourceTree = "<group>"; };
		9C82E906297E11F70095FF7B /* Info.plist */ = {isa = PBXFileReference; lastKnownFileType = text.plist.xml; path = Info.plist; sourceTree = "<group>"; };
		9C82E90C297E18CC0095FF7B /* SavedDrawingsController.swift */ = {isa = PBXFileReference; lastKnownFileType = sourcecode.swift; path = SavedDrawingsController.swift; sourceTree = "<group>"; };
		9C82E90E297E1A3C0095FF7B /* SavedDrawingCell.swift */ = {isa = PBXFileReference; lastKnownFileType = sourcecode.swift; path = SavedDrawingCell.swift; sourceTree = "<group>"; };
		9C82E911297E20B30095FF7B /* UIView+Exts.swift */ = {isa = PBXFileReference; lastKnownFileType = sourcecode.swift; path = "UIView+Exts.swift"; sourceTree = "<group>"; };
		9C82E913297E20ED0095FF7B /* Constants.swift */ = {isa = PBXFileReference; lastKnownFileType = sourcecode.swift; path = Constants.swift; sourceTree = "<group>"; };
		9C82E915297E217C0095FF7B /* DataManager.swift */ = {isa = PBXFileReference; lastKnownFileType = sourcecode.swift; path = DataManager.swift; sourceTree = "<group>"; };
/* End PBXFileReference section */

/* Begin PBXFrameworksBuildPhase section */
		9C82E8EF297E11F50095FF7B /* Frameworks */ = {
			isa = PBXFrameworksBuildPhase;
			buildActionMask = 2147483647;
			files = (
			);
			runOnlyForDeploymentPostprocessing = 0;
		};
/* End PBXFrameworksBuildPhase section */

/* Begin PBXGroup section */
		9C82E8E9297E11F40095FF7B = {
			isa = PBXGroup;
			children = (
				9C82E8F4297E11F50095FF7B /* CoreDataDrawing */,
				9C82E8F3297E11F50095FF7B /* Products */,
			);
			sourceTree = "<group>";
		};
		9C82E8F3297E11F50095FF7B /* Products */ = {
			isa = PBXGroup;
			children = (
				9C82E8F2297E11F50095FF7B /* CoreDataDrawing.app */,
			);
			name = Products;
			sourceTree = "<group>";
		};
		9C82E8F4297E11F50095FF7B /* CoreDataDrawing */ = {
			isa = PBXGroup;
			children = (
				9C82E8F5297E11F50095FF7B /* AppDelegate.swift */,
				9C82E913297E20ED0095FF7B /* Constants.swift */,
				9C82E8F7297E11F50095FF7B /* SceneDelegate.swift */,
				9C82E901297E11F70095FF7B /* Assets.xcassets */,
				9C82E903297E11F70095FF7B /* LaunchScreen.storyboard */,
				9C82E906297E11F70095FF7B /* Info.plist */,
				9C82E8FE297E11F50095FF7B /* CoreDataDrawing.xcdatamodeld */,
				9C82E90E297E1A3C0095FF7B /* SavedDrawingCell.swift */,
				9C82E915297E217C0095FF7B /* DataManager.swift */,
				9C82E917297E24A50095FF7B /* Controllers */,
				9C82E910297E20A40095FF7B /* Extensions */,
			);
			path = CoreDataDrawing;
			sourceTree = "<group>";
		};
		9C82E910297E20A40095FF7B /* Extensions */ = {
			isa = PBXGroup;
			children = (
				9C82E911297E20B30095FF7B /* UIView+Exts.swift */,
			);
			path = Extensions;
			sourceTree = "<group>";
		};
		9C82E917297E24A50095FF7B /* Controllers */ = {
			isa = PBXGroup;
			children = (
				9C82E8F9297E11F50095FF7B /* ViewController.swift */,
				9C82E90C297E18CC0095FF7B /* SavedDrawingsController.swift */,
			);
			path = Controllers;
			sourceTree = "<group>";
		};
/* End PBXGroup section */

/* Begin PBXNativeTarget section */
		9C82E8F1297E11F50095FF7B /* CoreDataDrawing */ = {
			isa = PBXNativeTarget;
			buildConfigurationList = 9C82E909297E11F70095FF7B /* Build configuration list for PBXNativeTarget "CoreDataDrawing" */;
			buildPhases = (
				9C82E8EE297E11F50095FF7B /* Sources */,
				9C82E8EF297E11F50095FF7B /* Frameworks */,
				9C82E8F0297E11F50095FF7B /* Resources */,
			);
			buildRules = (
			);
			dependencies = (
			);
			name = CoreDataDrawing;
			productName = CoreDataDrawing;
			productReference = 9C82E8F2297E11F50095FF7B /* CoreDataDrawing.app */;
			productType = "com.apple.product-type.application";
		};
/* End PBXNativeTarget section */

/* Begin PBXProject section */
		9C82E8EA297E11F40095FF7B /* Project object */ = {
			isa = PBXProject;
			attributes = {
				BuildIndependentTargetsInParallel = 1;
				LastSwiftUpdateCheck = 1420;
				LastUpgradeCheck = 1420;
				TargetAttributes = {
					9C82E8F1297E11F50095FF7B = {
						CreatedOnToolsVersion = 14.2;
					};
				};
			};
			buildConfigurationList = 9C82E8ED297E11F40095FF7B /* Build configuration list for PBXProject "CoreDataDrawing" */;
			compatibilityVersion = "Xcode 14.0";
			developmentRegion = en;
			hasScannedForEncodings = 0;
			knownRegions = (
				en,
				Base,
			);
			mainGroup = 9C82E8E9297E11F40095FF7B;
			productRefGroup = 9C82E8F3297E11F50095FF7B /* Products */;
			projectDirPath = "";
			projectRoot = "";
			targets = (
				9C82E8F1297E11F50095FF7B /* CoreDataDrawing */,
			);
		};
/* End PBXProject section */

/* Begin PBXResourcesBuildPhase section */
		9C82E8F0297E11F50095FF7B /* Resources */ = {
			isa = PBXResourcesBuildPhase;
			buildActionMask = 2147483647;
			files = (
				9C82E905297E11F70095FF7B /* LaunchScreen.storyboard in Resources */,
				9C82E902297E11F70095FF7B /* Assets.xcassets in Resources */,
			);
			runOnlyForDeploymentPostprocessing = 0;
		};
/* End PBXResourcesBuildPhase section */

/* Begin PBXSourcesBuildPhase section */
		9C82E8EE297E11F50095FF7B /* Sources */ = {
			isa = PBXSourcesBuildPhase;
			buildActionMask = 2147483647;
			files = (
				9C82E90F297E1A3C0095FF7B /* SavedDrawingCell.swift in Sources */,
				9C82E8FA297E11F50095FF7B /* ViewController.swift in Sources */,
				9C82E914297E20ED0095FF7B /* Constants.swift in Sources */,
				9C82E8F6297E11F50095FF7B /* AppDelegate.swift in Sources */,
				9C82E912297E20B30095FF7B /* UIView+Exts.swift in Sources */,
				9C82E90D297E18CC0095FF7B /* SavedDrawingsController.swift in Sources */,
				9C82E8F8297E11F50095FF7B /* SceneDelegate.swift in Sources */,
				9C82E916297E217C0095FF7B /* DataManager.swift in Sources */,
				9C82E900297E11F50095FF7B /* CoreDataDrawing.xcdatamodeld in Sources */,
			);
			runOnlyForDeploymentPostprocessing = 0;
		};
/* End PBXSourcesBuildPhase section */

/* Begin PBXVariantGroup section */
		9C82E903297E11F70095FF7B /* LaunchScreen.storyboard */ = {
			isa = PBXVariantGroup;
			children = (
				9C82E904297E11F70095FF7B /* Base */,
			);
			name = LaunchScreen.storyboard;
			sourceTree = "<group>";
		};
/* End PBXVariantGroup section */

/* Begin XCBuildConfiguration section */
		9C82E907297E11F70095FF7B /* Debug */ = {
			isa = XCBuildConfiguration;
			buildSettings = {
				ALWAYS_SEARCH_USER_PATHS = NO;
				CLANG_ANALYZER_NONNULL = YES;
				CLANG_ANALYZER_NUMBER_OBJECT_CONVERSION = YES_AGGRESSIVE;
				CLANG_CXX_LANGUAGE_STANDARD = "gnu++20";
				CLANG_ENABLE_MODULES = YES;
				CLANG_ENABLE_OBJC_ARC = YES;
				CLANG_ENABLE_OBJC_WEAK = YES;
				CLANG_WARN_BLOCK_CAPTURE_AUTORELEASING = YES;
				CLANG_WARN_BOOL_CONVERSION = YES;
				CLANG_WARN_COMMA = YES;
				CLANG_WARN_CONSTANT_CONVERSION = YES;
				CLANG_WARN_DEPRECATED_OBJC_IMPLEMENTATIONS = YES;
				CLANG_WARN_DIRECT_OBJC_ISA_USAGE = YES_ERROR;
				CLANG_WARN_DOCUMENTATION_COMMENTS = YES;
				CLANG_WARN_EMPTY_BODY = YES;
				CLANG_WARN_ENUM_CONVERSION = YES;
				CLANG_WARN_INFINITE_RECURSION = YES;
				CLANG_WARN_INT_CONVERSION = YES;
				CLANG_WARN_NON_LITERAL_NULL_CONVERSION = YES;
				CLANG_WARN_OBJC_IMPLICIT_RETAIN_SELF = YES;
				CLANG_WARN_OBJC_LITERAL_CONVERSION = YES;
				CLANG_WARN_OBJC_ROOT_CLASS = YES_ERROR;
				CLANG_WARN_QUOTED_INCLUDE_IN_FRAMEWORK_HEADER = YES;
				CLANG_WARN_RANGE_LOOP_ANALYSIS = YES;
				CLANG_WARN_STRICT_PROTOTYPES = YES;
				CLANG_WARN_SUSPICIOUS_MOVE = YES;
				CLANG_WARN_UNGUARDED_AVAILABILITY = YES_AGGRESSIVE;
				CLANG_WARN_UNREACHABLE_CODE = YES;
				CLANG_WARN__DUPLICATE_METHOD_MATCH = YES;
				COPY_PHASE_STRIP = NO;
				DEBUG_INFORMATION_FORMAT = dwarf;
				ENABLE_STRICT_OBJC_MSGSEND = YES;
				ENABLE_TESTABILITY = YES;
				GCC_C_LANGUAGE_STANDARD = gnu11;
				GCC_DYNAMIC_NO_PIC = NO;
				GCC_NO_COMMON_BLOCKS = YES;
				GCC_OPTIMIZATION_LEVEL = 0;
				GCC_PREPROCESSOR_DEFINITIONS = (
					"DEBUG=1",
					"$(inherited)",
				);
				GCC_WARN_64_TO_32_BIT_CONVERSION = YES;
				GCC_WARN_ABOUT_RETURN_TYPE = YES_ERROR;
				GCC_WARN_UNDECLARED_SELECTOR = YES;
				GCC_WARN_UNINITIALIZED_AUTOS = YES_AGGRESSIVE;
				GCC_WARN_UNUSED_FUNCTION = YES;
				GCC_WARN_UNUSED_VARIABLE = YES;
				IPHONEOS_DEPLOYMENT_TARGET = 16.2;
				MTL_ENABLE_DEBUG_INFO = INCLUDE_SOURCE;
				MTL_FAST_MATH = YES;
				ONLY_ACTIVE_ARCH = YES;
				SDKROOT = iphoneos;
				SWIFT_ACTIVE_COMPILATION_CONDITIONS = DEBUG;
				SWIFT_OPTIMIZATION_LEVEL = "-Onone";
			};
			name = Debug;
		};
		9C82E908297E11F70095FF7B /* Release */ = {
			isa = XCBuildConfiguration;
			buildSettings = {
				ALWAYS_SEARCH_USER_PATHS = NO;
				CLANG_ANALYZER_NONNULL = YES;
				CLANG_ANALYZER_NUMBER_OBJECT_CONVERSION = YES_AGGRESSIVE;
				CLANG_CXX_LANGUAGE_STANDARD = "gnu++20";
				CLANG_ENABLE_MODULES = YES;
				CLANG_ENABLE_OBJC_ARC = YES;
				CLANG_ENABLE_OBJC_WEAK = YES;
				CLANG_WARN_BLOCK_CAPTURE_AUTORELEASING = YES;
				CLANG_WARN_BOOL_CONVERSION = YES;
				CLANG_WARN_COMMA = YES;
				CLANG_WARN_CONSTANT_CONVERSION = YES;
				CLANG_WARN_DEPRECATED_OBJC_IMPLEMENTATIONS = YES;
				CLANG_WARN_DIRECT_OBJC_ISA_USAGE = YES_ERROR;
				CLANG_WARN_DOCUMENTATION_COMMENTS = YES;
				CLANG_WARN_EMPTY_BODY = YES;
				CLANG_WARN_ENUM_CONVERSION = YES;
				CLANG_WARN_INFINITE_RECURSION = YES;
				CLANG_WARN_INT_CONVERSION = YES;
				CLANG_WARN_NON_LITERAL_NULL_CONVERSION = YES;
				CLANG_WARN_OBJC_IMPLICIT_RETAIN_SELF = YES;
				CLANG_WARN_OBJC_LITERAL_CONVERSION = YES;
				CLANG_WARN_OBJC_ROOT_CLASS = YES_ERROR;
				CLANG_WARN_QUOTED_INCLUDE_IN_FRAMEWORK_HEADER = YES;
				CLANG_WARN_RANGE_LOOP_ANALYSIS = YES;
				CLANG_WARN_STRICT_PROTOTYPES = YES;
				CLANG_WARN_SUSPICIOUS_MOVE = YES;
				CLANG_WARN_UNGUARDED_AVAILABILITY = YES_AGGRESSIVE;
				CLANG_WARN_UNREACHABLE_CODE = YES;
				CLANG_WARN__DUPLICATE_METHOD_MATCH = YES;
				COPY_PHASE_STRIP = NO;
				DEBUG_INFORMATION_FORMAT = "dwarf-with-dsym";
				ENABLE_NS_ASSERTIONS = NO;
				ENABLE_STRICT_OBJC_MSGSEND = YES;
				GCC_C_LANGUAGE_STANDARD = gnu11;
				GCC_NO_COMMON_BLOCKS = YES;
				GCC_WARN_64_TO_32_BIT_CONVERSION = YES;
				GCC_WARN_ABOUT_RETURN_TYPE = YES_ERROR;
				GCC_WARN_UNDECLARED_SELECTOR = YES;
				GCC_WARN_UNINITIALIZED_AUTOS = YES_AGGRESSIVE;
				GCC_WARN_UNUSED_FUNCTION = YES;
				GCC_WARN_UNUSED_VARIABLE = YES;
				IPHONEOS_DEPLOYMENT_TARGET = 16.2;
				MTL_ENABLE_DEBUG_INFO = NO;
				MTL_FAST_MATH = YES;
				SDKROOT = iphoneos;
				SWIFT_COMPILATION_MODE = wholemodule;
				SWIFT_OPTIMIZATION_LEVEL = "-O";
				VALIDATE_PRODUCT = YES;
			};
			name = Release;
		};
		9C82E90A297E11F70095FF7B /* Debug */ = {
			isa = XCBuildConfiguration;
			buildSettings = {
				ASSETCATALOG_COMPILER_APPICON_NAME = AppIcon;
				ASSETCATALOG_COMPILER_GLOBAL_ACCENT_COLOR_NAME = AccentColor;
				CODE_SIGN_STYLE = Automatic;
				CURRENT_PROJECT_VERSION = 1;
				DEVELOPMENT_TEAM = J33JVT647G;
				GENERATE_INFOPLIST_FILE = YES;
				INFOPLIST_FILE = CoreDataDrawing/Info.plist;
				INFOPLIST_KEY_UIApplicationSupportsIndirectInputEvents = YES;
				INFOPLIST_KEY_UILaunchStoryboardName = LaunchScreen;
				INFOPLIST_KEY_UIMainStoryboardFile = Main;
				INFOPLIST_KEY_UISupportedInterfaceOrientations_iPad = "UIInterfaceOrientationPortrait UIInterfaceOrientationPortraitUpsideDown UIInterfaceOrientationLandscapeLeft UIInterfaceOrientationLandscapeRight";
				INFOPLIST_KEY_UISupportedInterfaceOrientations_iPhone = "UIInterfaceOrientationPortrait UIInterfaceOrientationLandscapeLeft UIInterfaceOrientationLandscapeRight";
				LD_RUNPATH_SEARCH_PATHS = (
					"$(inherited)",
					"@executable_path/Frameworks",
				);
				MARKETING_VERSION = 1.0;
				PRODUCT_BUNDLE_IDENTIFIER = TestProject.CoreDataDrawing;
				PRODUCT_NAME = "$(TARGET_NAME)";
				SUPPORTED_PLATFORMS = "iphoneos iphonesimulator";
				SUPPORTS_MACCATALYST = NO;
				SUPPORTS_MAC_DESIGNED_FOR_IPHONE_IPAD = NO;
				SWIFT_EMIT_LOC_STRINGS = YES;
				SWIFT_VERSION = 5.0;
				TARGETED_DEVICE_FAMILY = "1,2";
			};
			name = Debug;
		};
		9C82E90B297E11F70095FF7B /* Release */ = {
			isa = XCBuildConfiguration;
			buildSettings = {
				ASSETCATALOG_COMPILER_APPICON_NAME = AppIcon;
				ASSETCATALOG_COMPILER_GLOBAL_ACCENT_COLOR_NAME = AccentColor;
				CODE_SIGN_STYLE = Automatic;
				CURRENT_PROJECT_VERSION = 1;
				DEVELOPMENT_TEAM = J33JVT647G;
				GENERATE_INFOPLIST_FILE = YES;
				INFOPLIST_FILE = CoreDataDrawing/Info.plist;
				INFOPLIST_KEY_UIApplicationSupportsIndirectInputEvents = YES;
				INFOPLIST_KEY_UILaunchStoryboardName = LaunchScreen;
				INFOPLIST_KEY_UIMainStoryboardFile = Main;
				INFOPLIST_KEY_UISupportedInterfaceOrientations_iPad = "UIInterfaceOrientationPortrait UIInterfaceOrientationPortraitUpsideDown UIInterfaceOrientationLandscapeLeft UIInterfaceOrientationLandscapeRight";
				INFOPLIST_KEY_UISupportedInterfaceOrientations_iPhone = "UIInterfaceOrientationPortrait UIInterfaceOrientationLandscapeLeft UIInterfaceOrientationLandscapeRight";
				LD_RUNPATH_SEARCH_PATHS = (
					"$(inherited)",
					"@executable_path/Frameworks",
				);
				MARKETING_VERSION = 1.0;
				PRODUCT_BUNDLE_IDENTIFIER = TestProject.CoreDataDrawing;
				PRODUCT_NAME = "$(TARGET_NAME)";
				SUPPORTED_PLATFORMS = "iphoneos iphonesimulator";
				SUPPORTS_MACCATALYST = NO;
				SUPPORTS_MAC_DESIGNED_FOR_IPHONE_IPAD = NO;
				SWIFT_EMIT_LOC_STRINGS = YES;
				SWIFT_VERSION = 5.0;
				TARGETED_DEVICE_FAMILY = "1,2";
			};
			name = Release;
		};
/* End XCBuildConfiguration section */

/* Begin XCConfigurationList section */
		9C82E8ED297E11F40095FF7B /* Build configuration list for PBXProject "CoreDataDrawing" */ = {
			isa = XCConfigurationList;
			buildConfigurations = (
				9C82E907297E11F70095FF7B /* Debug */,
				9C82E908297E11F70095FF7B /* Release */,
			);
			defaultConfigurationIsVisible = 0;
			defaultConfigurationName = Release;
		};
		9C82E909297E11F70095FF7B /* Build configuration list for PBXNativeTarget "CoreDataDrawing" */ = {
			isa = XCConfigurationList;
			buildConfigurations = (
				9C82E90A297E11F70095FF7B /* Debug */,
				9C82E90B297E11F70095FF7B /* Release */,
			);
			defaultConfigurationIsVisible = 0;
			defaultConfigurationName = Release;
		};
/* End XCConfigurationList section */

/* Begin XCVersionGroup section */
		9C82E8FE297E11F50095FF7B /* CoreDataDrawing.xcdatamodeld */ = {
			isa = XCVersionGroup;
			children = (
				9C82E8FF297E11F50095FF7B /* CoreDataDrawing.xcdatamodel */,
			);
			currentVersion = 9C82E8FF297E11F50095FF7B /* CoreDataDrawing.xcdatamodel */;
			path = CoreDataDrawing.xcdatamodeld;
			sourceTree = "<group>";
			versionGroupType = wrapper.xcdatamodel;
		};
/* End XCVersionGroup section */
	};
	rootObject = 9C82E8EA297E11F40095FF7B /* Project object */;
}
